# THIS IS AN AUTOGENERATED FILE. DO NOT EDIT THIS FILE DIRECTLY.
# yarn lockfile v1


"@graphql-tools/merge@^9.0.3":
  version "9.0.3"
  resolved "https://registry.yarnpkg.com/@graphql-tools/merge/-/merge-9.0.3.tgz#4d0b467132e6f788b69fab803d31480b8ce4b61a"
  integrity sha512-FeKv9lKLMwqDu0pQjPpF59GY3HReUkWXKsMIuMuJQOKh9BETu7zPEFUELvcw8w+lwZkl4ileJsHXC9+AnsT2Lw==
  dependencies:
    "@graphql-tools/utils" "^10.0.13"
    tslib "^2.4.0"

"@graphql-tools/schema@^10.0.2":
  version "10.0.3"
  resolved "https://registry.yarnpkg.com/@graphql-tools/schema/-/schema-10.0.3.tgz#48c14be84cc617c19c4c929258672b6ab01768de"
  integrity sha512-p28Oh9EcOna6i0yLaCFOnkcBDQECVf3SCexT6ktb86QNj9idnkhI+tCxnwZDh58Qvjd2nURdkbevvoZkvxzCog==
  dependencies:
    "@graphql-tools/merge" "^9.0.3"
    "@graphql-tools/utils" "^10.0.13"
    tslib "^2.4.0"
    value-or-promise "^1.0.12"

"@graphql-tools/utils@^10.0.13":
  version "10.1.2"
  resolved "https://registry.yarnpkg.com/@graphql-tools/utils/-/utils-10.1.2.tgz#192de00e7301c0242e7305ab16bbeef76bbcec74"
  integrity sha512-fX13CYsDnX4yifIyNdiN0cVygz/muvkreWWem6BBw130+ODbRRgfiVveL0NizCEnKXkpvdeTy9Bxvo9LIKlhrw==
  dependencies:
    "@graphql-typed-document-node/core" "^3.1.1"
    cross-inspect "1.0.0"
    dset "^3.1.2"
    tslib "^2.4.0"

"@graphql-typed-document-node/core@^3.1.1":
  version "3.2.0"
  resolved "https://registry.yarnpkg.com/@graphql-typed-document-node/core/-/core-3.2.0.tgz#5f3d96ec6b2354ad6d8a28bf216a1d97b5426861"
  integrity sha512-mB9oAsNCm9aM3/SOv4YtBMqZbYj10R7dkq8byBqxGY/ncFwhf2oQzMV+LCRlWoDSEBJ3COiR1yeDvMtsoOsuFQ==

"@hono/node-server@^1.10.1", "@hono/node-server@^1.8.2":
  version "1.10.1"
  resolved "https://registry.yarnpkg.com/@hono/node-server/-/node-server-1.10.1.tgz#a73c77c437656cc02ca90998d60dbdf57c2eccdb"
  integrity sha512-5BKW25JH5PQKPDkTcIgv3yNUPtOAbnnjFFgWvIxxAY/B/ZNeYjjWoAeDmqhIiCgOAJ3Tauuw+0G+VainhuZRYQ==

"@types/node@^20.11.27":
  version "20.11.27"
  resolved "https://registry.yarnpkg.com/@types/node/-/node-20.11.27.tgz#debe5cfc8a507dd60fe2a3b4875b1604f215c2ac"
  integrity sha512-qyUZfMnCg1KEz57r7pzFtSGt49f6RPkPBis3Vo4PbS7roQEDn22hiHzl/Lo1q4i4hDEgBJmBF/NTNg2XR0HbFg==
  dependencies:
    undici-types "~5.26.4"

cross-inspect@1.0.0:
  version "1.0.0"
  resolved "https://registry.yarnpkg.com/cross-inspect/-/cross-inspect-1.0.0.tgz#5fda1af759a148594d2d58394a9e21364f6849af"
  integrity sha512-4PFfn4b5ZN6FMNGSZlyb7wUhuN8wvj8t/VQHZdM4JsDcruGJ8L2kf9zao98QIrBPFCpdk27qst/AGTl7pL3ypQ==
  dependencies:
    tslib "^2.4.0"

dset@^3.1.2:
  version "3.1.4"
  resolved "https://registry.yarnpkg.com/dset/-/dset-3.1.4.tgz#f8eaf5f023f068a036d08cd07dc9ffb7d0065248"
  integrity sha512-2QF/g9/zTaPDc3BjNcVTGoBbXBgYfMTTceLaYcFJ/W9kggFUkhxD/hMEeuLKbugyef9SqAx8cpgwlIP/jinUTA==

edgeql@^0.1.9:
  version "0.1.9"
  resolved "https://registry.yarnpkg.com/edgeql/-/edgeql-0.1.9.tgz#a94ed2cbf9555ee0bc2ffdfa86c5edff10ffbf7c"
  integrity sha512-OO9RWmar+owXW8YxuAij6XuGLVGQsK/cO5N6/BXduUejErrG9LdqckpXY8DJ8AjZmMBB+m4AQkz9ZgYGR8eREg==
  dependencies:
    "@graphql-tools/schema" "^10.0.2"
    "@hono/node-server" "^1.8.2"
    graphql "^16.8.1"

graphql@^16.8.1:
  version "16.8.1"
  resolved "https://registry.yarnpkg.com/graphql/-/graphql-16.8.1.tgz#1930a965bef1170603702acdb68aedd3f3cf6f07"
  integrity sha512-59LZHPdGZVh695Ud9lRzPBVTtlX9ZCV150Er2W43ro37wVof0ctenSaskPPjN7lVTIN8mSZt8PHUNKZuNQUuxw==

tslib@^2.4.0:
  version "2.6.2"
  resolved "https://registry.yarnpkg.com/tslib/-/tslib-2.6.2.tgz#703ac29425e7b37cd6fd456e92404d46d1f3e4ae"
  integrity sha512-AEYxH93jGFPn/a2iVAwW87VuUIkR1FVUKB77NwMF7nBTDkDrrT/Hpt/IrCJ0QXhW27jTBDcf5ZY7w6RiqTMw2Q==

typescript@^5.4.2:
  version "5.4.2"
  resolved "https://registry.yarnpkg.com/typescript/-/typescript-5.4.2.tgz#0ae9cebcfae970718474fe0da2c090cad6577372"
  integrity sha512-+2/g0Fds1ERlP6JsakQQDXjZdZMM+rqpamFZJEKh4kwTIn3iDkgKtby0CeNd5ATNZ4Ry1ax15TMx0W2V+miizQ==

undici-types@~5.26.4:
  version "5.26.5"
  resolved "https://registry.yarnpkg.com/undici-types/-/undici-types-5.26.5.tgz#bcd539893d00b56e964fd2657a4866b221a65617"
  integrity sha512-JlCMO+ehdEIKqlFxk6IfVoAUVmgz7cU7zD/h9XZ0qzeosSHmUJVOzSQvvYSYWXkFXC+IfLKSIffhv0sVZup6pA==

value-or-promise@^1.0.12:
  version "1.0.12"
  resolved "https://registry.yarnpkg.com/value-or-promise/-/value-or-promise-1.0.12.tgz#0e5abfeec70148c78460a849f6b003ea7986f15c"
  integrity sha512-Z6Uz+TYwEqE7ZN50gwn+1LCVo9ZVrpxRPOhOLnncYkY1ZzOYtrX8Fwf/rFktZ8R5mJms6EZf5TqNOMeZmnPq9Q==
